# This file is autogenerated, do not edit; changes may be undone by the next 'dep ensure'.


[[projects]]
  branch = "master"
  digest = "1:324591cd9122f94cc39a87bd44ec71153672c239e2cff5743bfad96b60be3749"
  name = "github.com/googollee/go-engine.io"
  packages = [
    ".",
    "message",
    "parser",
    "polling",
    "transport",
    "websocket",
  ]
  pruneopts = "UT"
  revision = "e2f255711dcb2ea41e42c6d9d98c172d7edf6509"

[[projects]]
  branch = "master"
  digest = "1:f52b53672201cbe96346199cdab5096f1f9c1a607b61209a8ac8dba828dae978"
  name = "github.com/googollee/go-socket.io"
  packages = ["."]
  pruneopts = "UT"
  revision = "0ad7206c347a1c531174c35fb3b68be22360a80c"

[[projects]]
  digest = "1:7b5c6e2eeaa9ae5907c391a91c132abfd5c9e8a784a341b5625e750c67e6825d"
  name = "github.com/gorilla/websocket"
  packages = ["."]
  pruneopts = "UT"
  revision = "66b9c49e59c6c48f0ffce28c2d8b8a5678502c6d"
  version = "v1.4.0"

[solve-meta]
  analyzer-name = "dep"
  analyzer-version = 1
  input-imports = ["github.com/googollee/go-socket.io"]
  solver-name = "gps-cdcl"
  solver-version = 1
